
Microsoft Visual Studio Solution File, Format Version 12.00
# Visual Studio Version 17
VisualStudioVersion = 17.11.35208.52
MinimumVisualStudioVersion = 10.0.40219.1
Project("{FAE04EC0-301F-11D3-BF4B-00C04F79EFBC}") = "ramos_pinera_L4", "ramos_pinera_L4\ramos_pinera_L4.csproj", "{E00FAE68-90F6-4395-A586-100081EECDB3}"
EndProject
Global
	GlobalSection(SolutionConfigurationPlatforms) = preSolution
		Debug|Any CPU = Debug|Any CPU
		Release|Any CPU = Release|Any CPU
	EndGlobalSection
	GlobalSection(ProjectConfigurationPlatforms) = postSolution
		{E00FAE68-90F6-4395-A586-100081EECDB3}.Debug|Any CPU.ActiveCfg = Debug|Any CPU
		{E00FAE68-90F6-4395-A586-100081EECDB3}.Debug|Any CPU.Build.0 = Debug|Any CPU
		{E00FAE68-90F6-4395-A586-100081EECDB3}.Release|Any CPU.ActiveCfg = Release|Any CPU
		{E00FAE68-90F6-4395-A586-100081EECDB3}.Release|Any CPU.Build.0 = Release|Any CPU
	EndGlobalSection
	GlobalSection(SolutionProperties) = preSolution
		HideSolutionNode = FALSE
	EndGlobalSection
	GlobalSection(ExtensibilityGlobals) = postSolution
		SolutionGuid = {29D4E18B-9003-4F1B-934B-AC10CDA9323E}
	EndGlobalSection
EndGlobal
